{"version":4,"terraform_version":"1.10.6","serial":1,"lineage":"2134a6bd-cc4a-2047-88fe-c024cfcbd322","outputs":{},"resources":[{"mode":"managed","type":"docker_container","name":"nginx","provider":"provider[\"registry.opentofu.org/kreuzwerker/docker\"]","instances":[{"schema_version":2,"attributes":{"attach":false,"bridge":"","capabilities":[],"cgroup_parent":null,"cgroupns_mode":null,"command":["nginx","-g","daemon off;"],"container_logs":null,"container_read_refresh_timeout_milliseconds":15000,"cpu_period":null,"cpu_quota":null,"cpu_set":"","cpu_shares":0,"cpus":null,"destroy_grace_seconds":null,"devices":[],"dns":null,"dns_opts":null,"dns_search":null,"domainname":"","entrypoint":["/docker-entrypoint.sh"],"env":[],"exit_code":null,"gpus":null,"group_add":null,"healthcheck":null,"host":[],"hostname":"b55f888a7542","id":"b55f888a7542a8a065b7aff99218d74820ad39ff00596db7053827581ad5848b","image":"sha256:d261fd19cb63238535ab80d4e1be1d9e7f6c8b5a28a820188968dd3e6f06072d","init":false,"ipc_mode":"private","labels":[],"log_driver":"json-file","log_opts":null,"logs":false,"max_retry_count":0,"memory":0,"memory_reservation":0,"memory_swap":0,"mounts":[],"must_run":true,"name":"nginx","network_data":[{"gateway":"172.17.0.1","global_ipv6_address":"","global_ipv6_prefix_length":0,"ip_address":"172.17.0.2","ip_prefix_length":16,"ipv6_gateway":"","mac_address":"02:42:ac:11:00:02","network_name":"bridge"}],"network_mode":"bridge","networks_advanced":[],"pid_mode":"","ports":[{"external":8080,"internal":80,"ip":"0.0.0.0","protocol":"tcp"}],"privileged":false,"publish_all_ports":false,"read_only":false,"remove_volumes":true,"restart":"no","rm":false,"runtime":"runc","security_opts":[],"shm_size":64,"start":true,"stdin_open":false,"stop_signal":"SIGQUIT","stop_timeout":0,"storage_opts":null,"sysctls":null,"tmpfs":null,"tty":false,"ulimit":[],"upload":[],"user":"","userns_mode":"","volumes":[],"wait":false,"wait_timeout":60,"working_dir":""},"sensitive_attributes":[],"private":"eyJzY2hlbWFfdmVyc2lvbiI6IjIifQ==","dependencies":["docker_image.nginx"]}]},{"mode":"managed","type":"docker_image","name":"nginx","provider":"provider[\"registry.opentofu.org/kreuzwerker/docker\"]","instances":[{"schema_version":0,"attributes":{"build":[],"force_remove":null,"id":"sha256:d261fd19cb63238535ab80d4e1be1d9e7f6c8b5a28a820188968dd3e6f06072dnginx:latest","image_id":"sha256:d261fd19cb63238535ab80d4e1be1d9e7f6c8b5a28a820188968dd3e6f06072d","keep_locally":null,"name":"nginx:latest","platform":null,"pull_triggers":null,"repo_digest":"nginx@sha256:1beed3ca46acebe9d3fb62e9067f03d05d5bfa97a00f30938a0a3580563272ad","timeouts":null,"triggers":null},"sensitive_attributes":[],"private":"eyJlMmJmYjczMC1lY2FhLTExZTYtOGY4OC0zNDM2M2JjN2M0YzAiOnsiY3JlYXRlIjoxMjAwMDAwMDAwMDAwLCJkZWxldGUiOjEyMDAwMDAwMDAwMDAsInVwZGF0ZSI6MTIwMDAwMDAwMDAwMH19"}]}],"check_results":null}
