{"version":4,"terraform_version":"1.10.6","serial":3,"lineage":"0f50ffac-72d1-1aac-3ab7-936c80b07894","outputs":{},"resources":[{"mode":"managed","type":"docker_container","name":"catalogue_api","provider":"provider[\"registry.opentofu.org/kreuzwerker/docker\"]","instances":[{"schema_version":2,"attributes":{"attach":false,"bridge":"","capabilities":[],"cgroup_parent":null,"cgroupns_mode":null,"command":["npm","start"],"container_logs":null,"container_read_refresh_timeout_milliseconds":15000,"cpu_period":null,"cpu_quota":null,"cpu_set":"","cpu_shares":0,"cpus":null,"destroy_grace_seconds":null,"devices":[],"dns":null,"dns_opts":null,"dns_search":null,"domainname":"","entrypoint":["docker-entrypoint.sh"],"env":["PGDATABASE=catalogue","PGHOST=catalogue-postgres","PGPASSWORD=catalogue","PGUSER=catalogue","PORT=3000","REDIS_HOST=catalogue-redis","REDIS_PORT=6379"],"exit_code":null,"gpus":null,"group_add":null,"healthcheck":null,"host":[],"hostname":"a2528663b64e","id":"a2528663b64ec07cee75971946d230c4f9f70ef8cf4725ae7a955b4e5623b178","image":"sha256:670d86a389bdd3690538d1682b977342036e9fe0703d11fa3207ca4d3b7c39e7","init":false,"ipc_mode":"private","labels":[],"log_driver":"json-file","log_opts":null,"logs":false,"max_retry_count":0,"memory":0,"memory_reservation":0,"memory_swap":0,"mounts":[],"must_run":true,"name":"catalogue-api","network_data":[{"gateway":"172.19.0.1","global_ipv6_address":"","global_ipv6_prefix_length":0,"ip_address":"172.19.0.4","ip_prefix_length":16,"ipv6_gateway":"","mac_address":"02:42:ac:13:00:04","network_name":"catalogue-net"}],"network_mode":"bridge","networks_advanced":[{"aliases":[],"ipv4_address":"","ipv6_address":"","mac_address":"","name":"catalogue-net"}],"pid_mode":"","ports":[{"external":3000,"internal":3000,"ip":"0.0.0.0","protocol":"tcp"}],"privileged":false,"publish_all_ports":false,"read_only":false,"remove_volumes":true,"restart":"no","rm":false,"runtime":"runc","security_opts":[],"shm_size":64,"start":true,"stdin_open":false,"stop_signal":"","stop_timeout":0,"storage_opts":null,"sysctls":null,"tmpfs":null,"tty":false,"ulimit":[],"upload":[],"user":"","userns_mode":"","volumes":[],"wait":false,"wait_timeout":60,"working_dir":"/app"},"sensitive_attributes":[],"private":"eyJzY2hlbWFfdmVyc2lvbiI6IjIifQ==","dependencies":["docker_container.postgres","docker_container.redis","docker_image.catalogue_api","docker_network.catalogue_net","docker_volume.pg_data"]}]},{"mode":"managed","type":"docker_container","name":"postgres","provider":"provider[\"registry.opentofu.org/kreuzwerker/docker\"]","instances":[{"schema_version":2,"attributes":{"attach":false,"bridge":"","capabilities":[],"cgroup_parent":null,"cgroupns_mode":null,"command":["postgres"],"container_logs":null,"container_read_refresh_timeout_milliseconds":15000,"cpu_period":null,"cpu_quota":null,"cpu_set":"","cpu_shares":0,"cpus":null,"destroy_grace_seconds":null,"devices":[],"dns":[],"dns_opts":[],"dns_search":[],"domainname":"","entrypoint":["docker-entrypoint.sh"],"env":["POSTGRES_DB=catalogue","POSTGRES_PASSWORD=catalogue","POSTGRES_USER=catalogue"],"exit_code":null,"gpus":null,"group_add":[],"healthcheck":[],"host":[],"hostname":"a7b121ef073b","id":"a7b121ef073b840b4e880005c94aa0a7ebe49446b8207dc3c8a0fd9d71d38f73","image":"postgres:15-alpine","init":false,"ipc_mode":"private","labels":[],"log_driver":"json-file","log_opts":{},"logs":false,"max_retry_count":0,"memory":0,"memory_reservation":0,"memory_swap":0,"mounts":[{"bind_options":[],"read_only":false,"source":"catalogue-pg-data","target":"/var/lib/postgresql/data","tmpfs_options":[],"type":"volume","volume_options":[]}],"must_run":true,"name":"catalogue-postgres","network_data":[{"gateway":"172.19.0.1","global_ipv6_address":"","global_ipv6_prefix_length":0,"ip_address":"172.19.0.2","ip_prefix_length":16,"ipv6_gateway":"","mac_address":"02:42:ac:13:00:02","network_name":"catalogue-net"}],"network_mode":"bridge","networks_advanced":[{"aliases":[],"ipv4_address":"","ipv6_address":"","mac_address":"","name":"catalogue-net"}],"pid_mode":"","ports":[{"external":5432,"internal":5432,"ip":"0.0.0.0","protocol":"tcp"}],"privileged":false,"publish_all_ports":false,"read_only":false,"remove_volumes":true,"restart":"no","rm":false,"runtime":"runc","security_opts":[],"shm_size":64,"start":true,"stdin_open":false,"stop_signal":"SIGINT","stop_timeout":0,"storage_opts":{},"sysctls":{},"tmpfs":{},"tty":false,"ulimit":[],"upload":[],"user":"","userns_mode":"","volumes":[],"wait":false,"wait_timeout":60,"working_dir":"/"},"sensitive_attributes":[],"private":"eyJzY2hlbWFfdmVyc2lvbiI6IjIifQ==","dependencies":["docker_network.catalogue_net","docker_volume.pg_data"]}]},{"mode":"managed","type":"docker_container","name":"redis","provider":"provider[\"registry.opentofu.org/kreuzwerker/docker\"]","instances":[{"schema_version":2,"attributes":{"attach":false,"bridge":"","capabilities":[],"cgroup_parent":null,"cgroupns_mode":null,"command":["redis-server"],"container_logs":null,"container_read_refresh_timeout_milliseconds":15000,"cpu_period":null,"cpu_quota":null,"cpu_set":"","cpu_shares":0,"cpus":null,"destroy_grace_seconds":null,"devices":[],"dns":[],"dns_opts":[],"dns_search":[],"domainname":"","entrypoint":["docker-entrypoint.sh"],"env":[],"exit_code":null,"gpus":null,"group_add":[],"healthcheck":[],"host":[],"hostname":"e4e31d4e9165","id":"e4e31d4e916514e87a1d3ae49ce2d6c87453a0d1e166661cd740e387187234b7","image":"redis:7-alpine","init":false,"ipc_mode":"private","labels":[],"log_driver":"json-file","log_opts":{},"logs":false,"max_retry_count":0,"memory":0,"memory_reservation":0,"memory_swap":0,"mounts":[],"must_run":true,"name":"catalogue-redis","network_data":[{"gateway":"172.19.0.1","global_ipv6_address":"","global_ipv6_prefix_length":0,"ip_address":"172.19.0.3","ip_prefix_length":16,"ipv6_gateway":"","mac_address":"02:42:ac:13:00:03","network_name":"catalogue-net"}],"network_mode":"bridge","networks_advanced":[{"aliases":[],"ipv4_address":"","ipv6_address":"","mac_address":"","name":"catalogue-net"}],"pid_mode":"","ports":[{"external":6379,"internal":6379,"ip":"0.0.0.0","protocol":"tcp"}],"privileged":false,"publish_all_ports":false,"read_only":false,"remove_volumes":true,"restart":"no","rm":false,"runtime":"runc","security_opts":[],"shm_size":64,"start":true,"stdin_open":false,"stop_signal":"","stop_timeout":0,"storage_opts":{},"sysctls":{},"tmpfs":{},"tty":false,"ulimit":[],"upload":[],"user":"","userns_mode":"","volumes":[],"wait":false,"wait_timeout":60,"working_dir":"/data"},"sensitive_attributes":[],"private":"eyJzY2hlbWFfdmVyc2lvbiI6IjIifQ==","dependencies":["docker_network.catalogue_net"]}]},{"mode":"managed","type":"docker_image","name":"catalogue_api","provider":"provider[\"registry.opentofu.org/kreuzwerker/docker\"]","instances":[{"schema_version":0,"attributes":{"build":[{"additional_contexts":[],"auth_config":[],"build_args":null,"build_id":"","build_log_file":"","builder":"","cache_from":[],"cache_to":[],"cgroup_parent":"","context":"./api","cpu_period":null,"cpu_quota":null,"cpu_set_cpus":"","cpu_set_mems":"","cpu_shares":null,"dockerfile":"Dockerfile","extra_hosts":[],"force_remove":null,"isolation":"","label":null,"labels":null,"memory":null,"memory_swap":null,"network_mode":"","no_cache":null,"platform":"","pull_parent":null,"remote_context":"","remove":true,"secrets":[],"security_opt":[],"session_id":"","shm_size":null,"squash":null,"suppress_output":null,"tag":[],"target":"","ulimit":[],"version":""}],"force_remove":null,"id":"sha256:670d86a389bdd3690538d1682b977342036e9fe0703d11fa3207ca4d3b7c39e7catalogue-api:latest","image_id":"sha256:670d86a389bdd3690538d1682b977342036e9fe0703d11fa3207ca4d3b7c39e7","keep_locally":null,"name":"catalogue-api:latest","platform":null,"pull_triggers":null,"repo_digest":"","timeouts":null,"triggers":null},"sensitive_attributes":[],"private":"eyJlMmJmYjczMC1lY2FhLTExZTYtOGY4OC0zNDM2M2JjN2M0YzAiOnsiY3JlYXRlIjoxMjAwMDAwMDAwMDAwLCJkZWxldGUiOjEyMDAwMDAwMDAwMDAsInVwZGF0ZSI6MTIwMDAwMDAwMDAwMH19"}]},{"mode":"managed","type":"docker_network","name":"catalogue_net","provider":"provider[\"registry.opentofu.org/kreuzwerker/docker\"]","instances":[{"schema_version":1,"attributes":{"attachable":false,"check_duplicate":null,"driver":"bridge","id":"8c439a2ee0b40da6443871d9ec25bf1c1d279d3579215cd6f7fc26096424c3e9","ingress":false,"internal":false,"ipam_config":[{"aux_address":{},"gateway":"172.19.0.1","ip_range":"","subnet":"172.19.0.0/16"}],"ipam_driver":"default","ipam_options":{},"ipv6":false,"labels":[],"name":"catalogue-net","options":{},"scope":"local"},"sensitive_attributes":[],"private":"eyJzY2hlbWFfdmVyc2lvbiI6IjEifQ=="}]},{"mode":"managed","type":"docker_volume","name":"pg_data","provider":"provider[\"registry.opentofu.org/kreuzwerker/docker\"]","instances":[{"schema_version":1,"attributes":{"cluster":[],"driver":"local","driver_opts":{},"id":"catalogue-pg-data","labels":[],"mountpoint":"/var/lib/docker/volumes/catalogue-pg-data/_data","name":"catalogue-pg-data"},"sensitive_attributes":[],"private":"eyJzY2hlbWFfdmVyc2lvbiI6IjEifQ=="}]}],"check_results":null}
